
Microsoft Visual Studio Solution File, Format Version 12.00
# Visual Studio Version 16
VisualStudioVersion = 16.0.30114.105
MinimumVisualStudioVersion = 10.0.40219.1
Project("{9A19103F-16F7-4668-BE54-9A1E7A4F7556}") = "Directions", "Directions\Directions.csproj", "{10238FE2-C9A7-48CE-B9A8-1598A7EFD0D4}"
EndProject
Global
	GlobalSection(SolutionConfigurationPlatforms) = preSolution
		Debug|Any CPU = Debug|Any CPU
		Release|Any CPU = Release|Any CPU
	EndGlobalSection
	GlobalSection(ProjectConfigurationPlatforms) = postSolution
		{10238FE2-C9A7-48CE-B9A8-1598A7EFD0D4}.Debug|Any CPU.ActiveCfg = Debug|Any CPU
		{10238FE2-C9A7-48CE-B9A8-1598A7EFD0D4}.Debug|Any CPU.Build.0 = Debug|Any CPU
		{10238FE2-C9A7-48CE-B9A8-1598A7EFD0D4}.Release|Any CPU.ActiveCfg = Release|Any CPU
		{10238FE2-C9A7-48CE-B9A8-1598A7EFD0D4}.Release|Any CPU.Build.0 = Release|Any CPU
	EndGlobalSection
	GlobalSection(SolutionProperties) = preSolution
		HideSolutionNode = FALSE
	EndGlobalSection
	GlobalSection(ExtensibilityGlobals) = postSolution
		SolutionGuid = {A506CEBB-76EC-4537-911A-09DA0F8B94BA}
	EndGlobalSection
EndGlobal
